
Microsoft Visual Studio Solution File, Format Version 12.00
# Visual Studio Version 17
VisualStudioVersion = 17.2.32526.322
MinimumVisualStudioVersion = 10.0.40219.1
Project("{FAE04EC0-301F-11D3-BF4B-00C04F79EFBC}") = "ForUnitCaseWPF", "ForUnitCaseWPF\ForUnitCaseWPF.csproj", "{90703F7C-61AD-45EC-85C3-EF5A1A773171}"
EndProject
Project("{FAE04EC0-301F-11D3-BF4B-00C04F79EFBC}") = "ForUnitCaseWPFTests", "ForUnitCaseWPFTests\ForUnitCaseWPFTests.csproj", "{9510E2AD-6168-4A6F-B288-8E57E9CFBC79}"
EndProject
Global
	GlobalSection(SolutionConfigurationPlatforms) = preSolution
		Debug|Any CPU = Debug|Any CPU
		Release|Any CPU = Release|Any CPU
	EndGlobalSection
	GlobalSection(ProjectConfigurationPlatforms) = postSolution
		{90703F7C-61AD-45EC-85C3-EF5A1A773171}.Debug|Any CPU.ActiveCfg = Debug|Any CPU
		{90703F7C-61AD-45EC-85C3-EF5A1A773171}.Debug|Any CPU.Build.0 = Debug|Any CPU
		{90703F7C-61AD-45EC-85C3-EF5A1A773171}.Release|Any CPU.ActiveCfg = Release|Any CPU
		{90703F7C-61AD-45EC-85C3-EF5A1A773171}.Release|Any CPU.Build.0 = Release|Any CPU
		{9510E2AD-6168-4A6F-B288-8E57E9CFBC79}.Debug|Any CPU.ActiveCfg = Debug|Any CPU
		{9510E2AD-6168-4A6F-B288-8E57E9CFBC79}.Debug|Any CPU.Build.0 = Debug|Any CPU
		{9510E2AD-6168-4A6F-B288-8E57E9CFBC79}.Release|Any CPU.ActiveCfg = Release|Any CPU
		{9510E2AD-6168-4A6F-B288-8E57E9CFBC79}.Release|Any CPU.Build.0 = Release|Any CPU
	EndGlobalSection
	GlobalSection(SolutionProperties) = preSolution
		HideSolutionNode = FALSE
	EndGlobalSection
	GlobalSection(ExtensibilityGlobals) = postSolution
		SolutionGuid = {BAD29373-FD30-4CFC-82C4-2327443CA0BF}
	EndGlobalSection
EndGlobal
